
Microsoft Visual Studio Solution File, Format Version 12.00
# Visual Studio 15
VisualStudioVersion = 15.0.27428.2002
MinimumVisualStudioVersion = 10.0.40219.1
Project("{FAE04EC0-301F-11D3-BF4B-00C04F79EFBC}") = "WFA.LINQ", "WFA.LINQ\WFA.LINQ.csproj", "{E732359F-D0C2-4F76-8586-686E5E2B4A16}"
EndProject
Project("{FAE04EC0-301F-11D3-BF4B-00C04F79EFBC}") = "LinqEntity", "LinqEntity\LinqEntity.csproj", "{65DE2285-EB9A-4F0E-A29B-E2040E605E59}"
EndProject
Global
	GlobalSection(SolutionConfigurationPlatforms) = preSolution
		Debug|Any CPU = Debug|Any CPU
		Release|Any CPU = Release|Any CPU
	EndGlobalSection
	GlobalSection(ProjectConfigurationPlatforms) = postSolution
		{E732359F-D0C2-4F76-8586-686E5E2B4A16}.Debug|Any CPU.ActiveCfg = Debug|Any CPU
		{E732359F-D0C2-4F76-8586-686E5E2B4A16}.Debug|Any CPU.Build.0 = Debug|Any CPU
		{E732359F-D0C2-4F76-8586-686E5E2B4A16}.Release|Any CPU.ActiveCfg = Release|Any CPU
		{E732359F-D0C2-4F76-8586-686E5E2B4A16}.Release|Any CPU.Build.0 = Release|Any CPU
		{65DE2285-EB9A-4F0E-A29B-E2040E605E59}.Debug|Any CPU.ActiveCfg = Debug|Any CPU
		{65DE2285-EB9A-4F0E-A29B-E2040E605E59}.Debug|Any CPU.Build.0 = Debug|Any CPU
		{65DE2285-EB9A-4F0E-A29B-E2040E605E59}.Release|Any CPU.ActiveCfg = Release|Any CPU
		{65DE2285-EB9A-4F0E-A29B-E2040E605E59}.Release|Any CPU.Build.0 = Release|Any CPU
	EndGlobalSection
	GlobalSection(SolutionProperties) = preSolution
		HideSolutionNode = FALSE
	EndGlobalSection
	GlobalSection(ExtensibilityGlobals) = postSolution
		SolutionGuid = {DD28570C-AE27-46E3-BBCE-1E872EFC391F}
	EndGlobalSection
EndGlobal
